
Microsoft Visual Studio Solution File, Format Version 12.00
# Visual Studio Version 16
VisualStudioVersion = 16.0.32407.337
MinimumVisualStudioVersion = 10.0.40219.1
Project("{FAE04EC0-301F-11D3-BF4B-00C04F79EFBC}") = "UtilityBot_11.2.4", "UtilityBot_11.2.4\UtilityBot_11.2.4.csproj", "{6FAAD5CF-D764-4527-8E77-393D23B3A8B5}"
EndProject
Global
	GlobalSection(SolutionConfigurationPlatforms) = preSolution
		Debug|Any CPU = Debug|Any CPU
		Release|Any CPU = Release|Any CPU
	EndGlobalSection
	GlobalSection(ProjectConfigurationPlatforms) = postSolution
		{6FAAD5CF-D764-4527-8E77-393D23B3A8B5}.Debug|Any CPU.ActiveCfg = Debug|Any CPU
		{6FAAD5CF-D764-4527-8E77-393D23B3A8B5}.Debug|Any CPU.Build.0 = Debug|Any CPU
		{6FAAD5CF-D764-4527-8E77-393D23B3A8B5}.Release|Any CPU.ActiveCfg = Release|Any CPU
		{6FAAD5CF-D764-4527-8E77-393D23B3A8B5}.Release|Any CPU.Build.0 = Release|Any CPU
	EndGlobalSection
	GlobalSection(SolutionProperties) = preSolution
		HideSolutionNode = FALSE
	EndGlobalSection
	GlobalSection(ExtensibilityGlobals) = postSolution
		SolutionGuid = {077232D7-2AFD-4104-BBE6-349847AB4C7F}
	EndGlobalSection
EndGlobal
